# THIS IS AN AUTOGENERATED FILE. DO NOT EDIT THIS FILE DIRECTLY.
# yarn lockfile v1


"@next/env@12.3.2-canary.43":
  version "12.3.2-canary.43"
  resolved "https://registry.yarnpkg.com/@next/env/-/env-12.3.2-canary.43.tgz#a2b9dde22166ddc9419b40ab9bba5c01d4e4d97f"
  integrity sha512-Sb+EIjatpJ6MGPxM4vbOu1Psq7ARCPtmJCDAFGSQMDz4PZbPK649pzdj8D7SlFgZNdKMcr33urKutbGR4s6hUQ==

"@next/swc-android-arm-eabi@12.3.2-canary.43":
  version "12.3.2-canary.43"
  resolved "https://registry.yarnpkg.com/@next/swc-android-arm-eabi/-/swc-android-arm-eabi-12.3.2-canary.43.tgz#6e3476e7abe8d4057c5759e35127e91a0cf1e8a5"
  integrity sha512-Y8tl1H9EXPAWPG4fkULYg2kqsrBNav5zNXvjlvqv83ZR2hrGHW7QyjAdyv0fjGMckrGA9fiqITT1/241gmGdHA==

"@next/swc-android-arm64@12.3.2-canary.43":
  version "12.3.2-canary.43"
  resolved "https://registry.yarnpkg.com/@next/swc-android-arm64/-/swc-android-arm64-12.3.2-canary.43.tgz#f39f270fe746b2aab0d6806936fa80361a10a9f9"
  integrity sha512-OuHmP9pEuC9j2IVvOwL0fVHTkhrzvkJO7Sbm9LQW6s0+FJxGjuoLjdOm+GRusnZFyzXRvVWEHd8Wu9aDTzoBGg==

"@next/swc-darwin-arm64@12.3.2-canary.43":
  version "12.3.2-canary.43"
  resolved "https://registry.yarnpkg.com/@next/swc-darwin-arm64/-/swc-darwin-arm64-12.3.2-canary.43.tgz#df3ecf80f9c0e465b2dc0219d22709e23717b301"
  integrity sha512-WJqEndZXTaqFDoaxE9NImrWavGoagpBQg0GCNQ3t/IIyG53mbEgegkEoMw7ZYVkQzQcd2b6Nxj6f9nU9T4ebfA==

"@next/swc-darwin-x64@12.3.2-canary.43":
  version "12.3.2-canary.43"
  resolved "https://registry.yarnpkg.com/@next/swc-darwin-x64/-/swc-darwin-x64-12.3.2-canary.43.tgz#14e3723419d72cb00c24d5549fc6aa5ed83d79d1"
  integrity sha512-cWrlfaIx2WkFfl5+TGf09zvgNsij8cTOJ5io1ILHzKt9rTOrr39tK5jk5HYfF5QhKVS4Dw2GHUj7L74xEKqznA==

"@next/swc-freebsd-x64@12.3.2-canary.43":
  version "12.3.2-canary.43"
  resolved "https://registry.yarnpkg.com/@next/swc-freebsd-x64/-/swc-freebsd-x64-12.3.2-canary.43.tgz#4343287cd39938a0a1755387d3c451f096df0438"
  integrity sha512-6Z8SnCxvgNWzp7QSQROHAUb8SZ+AD4etLaAj4LUhcCqQA/0RGUms2Vlet0RGNVorq3+8KweUAb3Ix+I4BgaP3w==

"@next/swc-linux-arm-gnueabihf@12.3.2-canary.43":
  version "12.3.2-canary.43"
  resolved "https://registry.yarnpkg.com/@next/swc-linux-arm-gnueabihf/-/swc-linux-arm-gnueabihf-12.3.2-canary.43.tgz#47e1d5b0ad5d24120a9442c24098c161b30c1a9a"
  integrity sha512-cl7P0uVxRDCbkC9jAs8NSk/g8O2JVjdWWb6cF/VCSUKZL7dZMly0ocqS58vwb9oTWAI+OFJrAczZPQbtkMU6aQ==

"@next/swc-linux-arm64-gnu@12.3.2-canary.43":
  version "12.3.2-canary.43"
  resolved "https://registry.yarnpkg.com/@next/swc-linux-arm64-gnu/-/swc-linux-arm64-gnu-12.3.2-canary.43.tgz#acf9fdcfce2e858c36d968fbf5d943cdbffa3649"
  integrity sha512-KxEatuNa5q9cImU/Fk0Q0KN136L4WGWcuavPhodQW3zwHn+OKBARA6wmtPkqQhRj7slzVzn3mZ01pPxc4DhsVg==

"@next/swc-linux-arm64-musl@12.3.2-canary.43":
  version "12.3.2-canary.43"
  resolved "https://registry.yarnpkg.com/@next/swc-linux-arm64-musl/-/swc-linux-arm64-musl-12.3.2-canary.43.tgz#e3fd0590ae8dee7025c6ff1d0dab07f7f2814f77"
  integrity sha512-KWaV7rrbE31L1GsHZ33+DkXMgnzcKaZxgA/eIaiJ3wdVse7MzrpCtJH2p3p1mvAPtKu/WG3Ntv4rLFdSzybjWA==

"@next/swc-linux-x64-gnu@12.3.2-canary.43":
  version "12.3.2-canary.43"
  resolved "https://registry.yarnpkg.com/@next/swc-linux-x64-gnu/-/swc-linux-x64-gnu-12.3.2-canary.43.tgz#c6d223bd13a57d278851baaf1e1eca96c567df1c"
  integrity sha512-fE9zuIDCH48jCbw3/JBhdblZXTEepjaxH+I6A/Nml7Aex2OFAG8GkEdTJdRez3W3IFaMYIhqpGqQcd7VXDw6bw==

"@next/swc-linux-x64-musl@12.3.2-canary.43":
  version "12.3.2-canary.43"
  resolved "https://registry.yarnpkg.com/@next/swc-linux-x64-musl/-/swc-linux-x64-musl-12.3.2-canary.43.tgz#4dac21720555f8a0a19aec72f94d2c8f2199efb5"
  integrity sha512-KHXl4kDLjSA2BAKGY+jisaHWYkxDw2bI9j6eQunvkPnlwW5jwiJPQnehszt5CNwYTdoeqiAJE+BY4UnEIEkeNQ==

"@next/swc-win32-arm64-msvc@12.3.2-canary.43":
  version "12.3.2-canary.43"
  resolved "https://registry.yarnpkg.com/@next/swc-win32-arm64-msvc/-/swc-win32-arm64-msvc-12.3.2-canary.43.tgz#062071ed89c0017247c4b9942bde405e870f3400"
  integrity sha512-QHU8bxXzkyjhwVNxLut1m4VRo3ZQlbkcidR7erH8WdSaVhYAWUdPZ6ux6aJLAk3yQwwgw0fSZO98iXdkDp6pvw==

"@next/swc-win32-ia32-msvc@12.3.2-canary.43":
  version "12.3.2-canary.43"
  resolved "https://registry.yarnpkg.com/@next/swc-win32-ia32-msvc/-/swc-win32-ia32-msvc-12.3.2-canary.43.tgz#5cabe278ccdfa77c49c19f6f4d1bd61f1d9f25eb"
  integrity sha512-HyElqKE2rJeS0pb6NowKyIsQ9iK/Ct9hkH4fexmoMyMk4z86zu7F3PS9ThLtEDRyzeM5K3xMtFgD+IcYFLRzmA==

"@next/swc-win32-x64-msvc@12.3.2-canary.43":
  version "12.3.2-canary.43"
  resolved "https://registry.yarnpkg.com/@next/swc-win32-x64-msvc/-/swc-win32-x64-msvc-12.3.2-canary.43.tgz#efd2a012e88e122076d72dba3cc33acf0a772608"
  integrity sha512-+0GA+qi1gS/w6QpHj58b4OOxNQ6kWmZuGdAnGuHzBbPmyBERnAWGU4+5DdjOebswM/sCV7ljTjxaHzZo1LN6Ng==

"@swc/helpers@0.4.11":
  version "0.4.11"
  resolved "https://registry.yarnpkg.com/@swc/helpers/-/helpers-0.4.11.tgz#db23a376761b3d31c26502122f349a21b592c8de"
  integrity sha512-rEUrBSGIoSFuYxwBYtlUFMlE2CwGhmW+w9355/5oduSw8e5h2+Tj4UrAGNNgP9915++wj5vkQo0UuOBqOAq4nw==
  dependencies:
    tslib "^2.4.0"

"@types/node@^18.0.0":
  version "18.11.7"
  resolved "https://registry.yarnpkg.com/@types/node/-/node-18.11.7.tgz#8ccef136f240770c1379d50100796a6952f01f94"
  integrity sha512-LhFTglglr63mNXUSRYD8A+ZAIu5sFqNJ4Y2fPuY7UlrySJH87rRRlhtVmMHplmfk5WkoJGmDjE9oiTfyX94CpQ==

"@types/prop-types@*":
  version "15.7.5"
  resolved "https://registry.yarnpkg.com/@types/prop-types/-/prop-types-15.7.5.tgz#5f19d2b85a98e9558036f6a3cacc8819420f05cf"
  integrity sha512-JCB8C6SnDoQf0cNycqd/35A7MjcnK+ZTqE7judS6o7utxUCg6imJg3QK2qzHKszlTjcj2cn+NwMB2i96ubpj7w==

"@types/react@^18.0.14":
  version "18.0.23"
  resolved "https://registry.yarnpkg.com/@types/react/-/react-18.0.23.tgz#4190ecd58b99fa79fe2e67832bdcb287e5f893e4"
  integrity sha512-R1wTULtCiJkudAN2DJGoYYySbGtOdzZyUWAACYinKdiQC8auxso4kLDUhQ7AJ2kh3F6A6z4v69U6tNY39hihVQ==
  dependencies:
    "@types/prop-types" "*"
    "@types/scheduler" "*"
    csstype "^3.0.2"

"@types/scheduler@*":
  version "0.16.2"
  resolved "https://registry.yarnpkg.com/@types/scheduler/-/scheduler-0.16.2.tgz#1a62f89525723dde24ba1b01b092bf5df8ad4d39"
  integrity sha512-hppQEBDmlwhFAXKJX2KnWLYu5yMfi91yazPb2l+lbJiwW+wdo1gNeRA+3RgNSO39WYX2euey41KEwnqesU2Jew==

caniuse-lite@^1.0.30001406:
  version "1.0.30001426"
  resolved "https://registry.yarnpkg.com/caniuse-lite/-/caniuse-lite-1.0.30001426.tgz#58da20446ccd0cb1dfebd11d2350c907ee7c2eaa"
  integrity sha512-n7cosrHLl8AWt0wwZw/PJZgUg3lV0gk9LMI7ikGJwhyhgsd2Nb65vKvmSexCqq/J7rbH3mFG6yZZiPR5dLPW5A==

client-only@0.0.1:
  version "0.0.1"
  resolved "https://registry.yarnpkg.com/client-only/-/client-only-0.0.1.tgz#38bba5d403c41ab150bff64a95c85013cf73bca1"
  integrity sha512-IV3Ou0jSMzZrd3pZ48nLkT9DA7Ag1pnPzaiQhpW7c3RbcqqzvzzVu+L8gfqMp/8IM2MQtSiqaCxrrcfu8I8rMA==

csstype@^3.0.2:
  version "3.1.1"
  resolved "https://registry.yarnpkg.com/csstype/-/csstype-3.1.1.tgz#841b532c45c758ee546a11d5bd7b7b473c8c30b9"
  integrity sha512-DJR/VvkAvSZW9bTouZue2sSxDwdTN92uHjqeKVm+0dAqdfNykRzQ95tay8aXMBAAPpUiq4Qcug2L7neoRh2Egw==

"js-tokens@^3.0.0 || ^4.0.0":
  version "4.0.0"
  resolved "https://registry.yarnpkg.com/js-tokens/-/js-tokens-4.0.0.tgz#19203fb59991df98e3a287050d4647cdeaf32499"
  integrity sha512-RdJUflcE3cUzKiMqQgsCu06FPu9UdIJO0beYbPhHN4k6apgJtifcoCtT9bcxOpYBtpD2kCM6Sbzg4CausW/PKQ==

loose-envify@^1.1.0:
  version "1.4.0"
  resolved "https://registry.yarnpkg.com/loose-envify/-/loose-envify-1.4.0.tgz#71ee51fa7be4caec1a63839f7e682d8132d30caf"
  integrity sha512-lyuxPGr/Wfhrlem2CL/UcnUc1zcqKAImBDzukY7Y5F/yQiNdko6+fRLevlw1HgMySw7f611UIY408EtxRSoK3Q==
  dependencies:
    js-tokens "^3.0.0 || ^4.0.0"

nanoid@^3.3.4:
  version "3.3.4"
  resolved "https://registry.yarnpkg.com/nanoid/-/nanoid-3.3.4.tgz#730b67e3cd09e2deacf03c027c81c9d9dbc5e8ab"
  integrity sha512-MqBkQh/OHTS2egovRtLk45wEyNXwF+cokD+1YPf9u5VfJiRdAiRwB2froX5Co9Rh20xs4siNPm8naNotSD6RBw==

next@canary:
  version "12.3.2-canary.43"
  resolved "https://registry.yarnpkg.com/next/-/next-12.3.2-canary.43.tgz#5ca70f0f948a5712c367bef7fd0f38cfcd94152f"
  integrity sha512-NgKLhMndPIL2DJEPfzONjSLpW+pl4YFzRp/DhYMgtYjOi5auYoM0SA9f3IJBN39PsFuyfNgJkTxiHtQ6q/T1MA==
  dependencies:
    "@next/env" "12.3.2-canary.43"
    "@swc/helpers" "0.4.11"
    caniuse-lite "^1.0.30001406"
    postcss "8.4.14"
    styled-jsx "5.1.0"
    use-sync-external-store "1.2.0"
  optionalDependencies:
    "@next/swc-android-arm-eabi" "12.3.2-canary.43"
    "@next/swc-android-arm64" "12.3.2-canary.43"
    "@next/swc-darwin-arm64" "12.3.2-canary.43"
    "@next/swc-darwin-x64" "12.3.2-canary.43"
    "@next/swc-freebsd-x64" "12.3.2-canary.43"
    "@next/swc-linux-arm-gnueabihf" "12.3.2-canary.43"
    "@next/swc-linux-arm64-gnu" "12.3.2-canary.43"
    "@next/swc-linux-arm64-musl" "12.3.2-canary.43"
    "@next/swc-linux-x64-gnu" "12.3.2-canary.43"
    "@next/swc-linux-x64-musl" "12.3.2-canary.43"
    "@next/swc-win32-arm64-msvc" "12.3.2-canary.43"
    "@next/swc-win32-ia32-msvc" "12.3.2-canary.43"
    "@next/swc-win32-x64-msvc" "12.3.2-canary.43"

picocolors@^1.0.0:
  version "1.0.0"
  resolved "https://registry.yarnpkg.com/picocolors/-/picocolors-1.0.0.tgz#cb5bdc74ff3f51892236eaf79d68bc44564ab81c"
  integrity sha512-1fygroTLlHu66zi26VoTDv8yRgm0Fccecssto+MhsZ0D/DGW2sm8E8AjW7NU5VVTRt5GxbeZ5qBuJr+HyLYkjQ==

postcss@8.4.14:
  version "8.4.14"
  resolved "https://registry.yarnpkg.com/postcss/-/postcss-8.4.14.tgz#ee9274d5622b4858c1007a74d76e42e56fd21caf"
  integrity sha512-E398TUmfAYFPBSdzgeieK2Y1+1cpdxJx8yXbK/m57nRhKSmk1GB2tO4lbLBtlkfPQTDKfe4Xqv1ASWPpayPEig==
  dependencies:
    nanoid "^3.3.4"
    picocolors "^1.0.0"
    source-map-js "^1.0.2"

react-dom@^18.2.0:
  version "18.2.0"
  resolved "https://registry.yarnpkg.com/react-dom/-/react-dom-18.2.0.tgz#22aaf38708db2674ed9ada224ca4aa708d821e3d"
  integrity sha512-6IMTriUmvsjHUjNtEDudZfuDQUoWXVxKHhlEGSk81n4YFS+r/Kl99wXiwlVXtPBtJenozv2P+hxDsw9eA7Xo6g==
  dependencies:
    loose-envify "^1.1.0"
    scheduler "^0.23.0"

react@^18.2.0:
  version "18.2.0"
  resolved "https://registry.yarnpkg.com/react/-/react-18.2.0.tgz#555bd98592883255fa00de14f1151a917b5d77d5"
  integrity sha512-/3IjMdb2L9QbBdWiW5e3P2/npwMBaU9mHCSCUzNln0ZCYbcfTsGbTJrU/kGemdH2IWmB2ioZ+zkxtmq6g09fGQ==
  dependencies:
    loose-envify "^1.1.0"

scheduler@^0.23.0:
  version "0.23.0"
  resolved "https://registry.yarnpkg.com/scheduler/-/scheduler-0.23.0.tgz#ba8041afc3d30eb206a487b6b384002e4e61fdfe"
  integrity sha512-CtuThmgHNg7zIZWAXi3AsyIzA3n4xx7aNyjwC2VJldO2LMVDhFK+63xGqq6CsJH4rTAt6/M+N4GhZiDYPx9eUw==
  dependencies:
    loose-envify "^1.1.0"

source-map-js@^1.0.2:
  version "1.0.2"
  resolved "https://registry.yarnpkg.com/source-map-js/-/source-map-js-1.0.2.tgz#adbc361d9c62df380125e7f161f71c826f1e490c"
  integrity sha512-R0XvVJ9WusLiqTCEiGCmICCMplcCkIwwR11mOSD9CR5u+IXYdiseeEuXCVAjS54zqwkLcPNnmU4OeJ6tUrWhDw==

styled-jsx@5.1.0:
  version "5.1.0"
  resolved "https://registry.yarnpkg.com/styled-jsx/-/styled-jsx-5.1.0.tgz#4a5622ab9714bd3fcfaeec292aa555871f057563"
  integrity sha512-/iHaRJt9U7T+5tp6TRelLnqBqiaIT0HsO0+vgyj8hK2KUk7aejFqRrumqPUlAqDwAj8IbS/1hk3IhBAAK/FCUQ==
  dependencies:
    client-only "0.0.1"

tslib@^2.4.0:
  version "2.4.0"
  resolved "https://registry.yarnpkg.com/tslib/-/tslib-2.4.0.tgz#7cecaa7f073ce680a05847aa77be941098f36dc3"
  integrity sha512-d6xOpEDfsi2CZVlPQzGeux8XMwLT9hssAsaPYExaQMuYskwb+x1x7J371tWlbBdWHroy99KnVB6qIkUbs5X3UQ==

typescript@^4.7.4:
  version "4.8.4"
  resolved "https://registry.yarnpkg.com/typescript/-/typescript-4.8.4.tgz#c464abca159669597be5f96b8943500b238e60e6"
  integrity sha512-QCh+85mCy+h0IGff8r5XWzOVSbBO+KfeYrMQh7NJ58QujwcE22u+NUSmUxqF+un70P9GXKxa2HCNiTTMJknyjQ==

use-sync-external-store@1.2.0:
  version "1.2.0"
  resolved "https://registry.yarnpkg.com/use-sync-external-store/-/use-sync-external-store-1.2.0.tgz#7dbefd6ef3fe4e767a0cf5d7287aacfb5846928a"
  integrity sha512-eEgnFxGQ1Ife9bzYs6VLi8/4X6CObHMw9Qr9tPY43iKwsPw8xE8+EFsf/2cFZ5S3esXgpWgtSCtLNS41F+sKPA==
